// !$*UTF8*$!
{
	archiveVersion = 1;
	classes = {
	};
	objectVersion = 50;
	objects = {

/* Begin PBXBuildFile section */
		4AF294D5269738D60058F5B7 /* AppDelegate.swift in Sources */ = {isa = PBXBuildFile; fileRef = 4AF294D4269738D60058F5B7 /* AppDelegate.swift */; };
		4AF294D7269738D60058F5B7 /* SceneDelegate.swift in Sources */ = {isa = PBXBuildFile; fileRef = 4AF294D6269738D60058F5B7 /* SceneDelegate.swift */; };
		4AF294D9269738D60058F5B7 /* ViewController.swift in Sources */ = {isa = PBXBuildFile; fileRef = 4AF294D8269738D60058F5B7 /* ViewController.swift */; };
		4AF294DC269738D60058F5B7 /* Main.storyboard in Resources */ = {isa = PBXBuildFile; fileRef = 4AF294DA269738D60058F5B7 /* Main.storyboard */; };
		4AF294DE269738D80058F5B7 /* Assets.xcassets in Resources */ = {isa = PBXBuildFile; fileRef = 4AF294DD269738D80058F5B7 /* Assets.xcassets */; };
		4AF294E1269738D80058F5B7 /* LaunchScreen.storyboard in Resources */ = {isa = PBXBuildFile; fileRef = 4AF294DF269738D80058F5B7 /* LaunchScreen.storyboard */; };
		4AF294EC269738D90058F5B7 /* NewsCombineAppTests.swift in Sources */ = {isa = PBXBuildFile; fileRef = 4AF294EB269738D90058F5B7 /* NewsCombineAppTests.swift */; };
		4AF294F7269738D90058F5B7 /* NewsCombineAppUITests.swift in Sources */ = {isa = PBXBuildFile; fileRef = 4AF294F6269738D90058F5B7 /* NewsCombineAppUITests.swift */; };
/* End PBXBuildFile section */

/* Begin PBXContainerItemProxy section */
		4AF294E8269738D90058F5B7 /* PBXContainerItemProxy */ = {
			isa = PBXContainerItemProxy;
			containerPortal = 4AF294C9269738D60058F5B7 /* Project object */;
			proxyType = 1;
			remoteGlobalIDString = 4AF294D0269738D60058F5B7;
			remoteInfo = NewsCombineApp;
		};
		4AF294F3269738D90058F5B7 /* PBXContainerItemProxy */ = {
			isa = PBXContainerItemProxy;
			containerPortal = 4AF294C9269738D60058F5B7 /* Project object */;
			proxyType = 1;
			remoteGlobalIDString = 4AF294D0269738D60058F5B7;
			remoteInfo = NewsCombineApp;
		};
/* End PBXContainerItemProxy section */

/* Begin PBXFileReference section */
		4AF294D1269738D60058F5B7 /* NewsCombineApp.app */ = {isa = PBXFileReference; explicitFileType = wrapper.application; includeInIndex = 0; path = NewsCombineApp.app; sourceTree = BUILT_PRODUCTS_DIR; };
		4AF294D4269738D60058F5B7 /* AppDelegate.swift */ = {isa = PBXFileReference; lastKnownFileType = sourcecode.swift; path = AppDelegate.swift; sourceTree = "<group>"; };
		4AF294D6269738D60058F5B7 /* SceneDelegate.swift */ = {isa = PBXFileReference; lastKnownFileType = sourcecode.swift; path = SceneDelegate.swift; sourceTree = "<group>"; };
		4AF294D8269738D60058F5B7 /* ViewController.swift */ = {isa = PBXFileReference; lastKnownFileType = sourcecode.swift; path = ViewController.swift; sourceTree = "<group>"; };
		4AF294DB269738D60058F5B7 /* Base */ = {isa = PBXFileReference; lastKnownFileType = file.storyboard; name = Base; path = Base.lproj/Main.storyboard; sourceTree = "<group>"; };
		4AF294DD269738D80058F5B7 /* Assets.xcassets */ = {isa = PBXFileReference; lastKnownFileType = folder.assetcatalog; path = Assets.xcassets; sourceTree = "<group>"; };
		4AF294E0269738D80058F5B7 /* Base */ = {isa = PBXFileReference; lastKnownFileType = file.storyboard; name = Base; path = Base.lproj/LaunchScreen.storyboard; sourceTree = "<group>"; };
		4AF294E2269738D80058F5B7 /* Info.plist */ = {isa = PBXFileReference; lastKnownFileType = text.plist.xml; path = Info.plist; sourceTree = "<group>"; };
		4AF294E7269738D90058F5B7 /* NewsCombineAppTests.xctest */ = {isa = PBXFileReference; explicitFileType = wrapper.cfbundle; includeInIndex = 0; path = NewsCombineAppTests.xctest; sourceTree = BUILT_PRODUCTS_DIR; };
		4AF294EB269738D90058F5B7 /* NewsCombineAppTests.swift */ = {isa = PBXFileReference; lastKnownFileType = sourcecode.swift; path = NewsCombineAppTests.swift; sourceTree = "<group>"; };
		4AF294ED269738D90058F5B7 /* Info.plist */ = {isa = PBXFileReference; lastKnownFileType = text.plist.xml; path = Info.plist; sourceTree = "<group>"; };
		4AF294F2269738D90058F5B7 /* NewsCombineAppUITests.xctest */ = {isa = PBXFileReference; explicitFileType = wrapper.cfbundle; includeInIndex = 0; path = NewsCombineAppUITests.xctest; sourceTree = BUILT_PRODUCTS_DIR; };
		4AF294F6269738D90058F5B7 /* NewsCombineAppUITests.swift */ = {isa = PBXFileReference; lastKnownFileType = sourcecode.swift; path = NewsCombineAppUITests.swift; sourceTree = "<group>"; };
		4AF294F8269738D90058F5B7 /* Info.plist */ = {isa = PBXFileReference; lastKnownFileType = text.plist.xml; path = Info.plist; sourceTree = "<group>"; };
/* End PBXFileReference section */

/* Begin PBXFrameworksBuildPhase section */
		4AF294CE269738D60058F5B7 /* Frameworks */ = {
			isa = PBXFrameworksBuildPhase;
			buildActionMask = 2147483647;
			files = (
			);
			runOnlyForDeploymentPostprocessing = 0;
		};
		4AF294E4269738D90058F5B7 /* Frameworks */ = {
			isa = PBXFrameworksBuildPhase;
			buildActionMask = 2147483647;
			files = (
			);
			runOnlyForDeploymentPostprocessing = 0;
		};
		4AF294EF269738D90058F5B7 /* Frameworks */ = {
			isa = PBXFrameworksBuildPhase;
			buildActionMask = 2147483647;
			files = (
			);
			runOnlyForDeploymentPostprocessing = 0;
		};
/* End PBXFrameworksBuildPhase section */

/* Begin PBXGroup section */
		4AF294C8269738D60058F5B7 = {
			isa = PBXGroup;
			children = (
				4AF294D3269738D60058F5B7 /* NewsCombineApp */,
				4AF294EA269738D90058F5B7 /* NewsCombineAppTests */,
				4AF294F5269738D90058F5B7 /* NewsCombineAppUITests */,
				4AF294D2269738D60058F5B7 /* Products */,
			);
			sourceTree = "<group>";
		};
		4AF294D2269738D60058F5B7 /* Products */ = {
			isa = PBXGroup;
			children = (
				4AF294D1269738D60058F5B7 /* NewsCombineApp.app */,
				4AF294E7269738D90058F5B7 /* NewsCombineAppTests.xctest */,
				4AF294F2269738D90058F5B7 /* NewsCombineAppUITests.xctest */,
			);
			name = Products;
			sourceTree = "<group>";
		};
		4AF294D3269738D60058F5B7 /* NewsCombineApp */ = {
			isa = PBXGroup;
			children = (
				4AF294D4269738D60058F5B7 /* AppDelegate.swift */,
				4AF294D6269738D60058F5B7 /* SceneDelegate.swift */,
				4AF294D8269738D60058F5B7 /* ViewController.swift */,
				4AF294DA269738D60058F5B7 /* Main.storyboard */,
				4AF294DD269738D80058F5B7 /* Assets.xcassets */,
				4AF294DF269738D80058F5B7 /* LaunchScreen.storyboard */,
				4AF294E2269738D80058F5B7 /* Info.plist */,
			);
			path = NewsCombineApp;
			sourceTree = "<group>";
		};
		4AF294EA269738D90058F5B7 /* NewsCombineAppTests */ = {
			isa = PBXGroup;
			children = (
				4AF294EB269738D90058F5B7 /* NewsCombineAppTests.swift */,
				4AF294ED269738D90058F5B7 /* Info.plist */,
			);
			path = NewsCombineAppTests;
			sourceTree = "<group>";
		};
		4AF294F5269738D90058F5B7 /* NewsCombineAppUITests */ = {
			isa = PBXGroup;
			children = (
				4AF294F6269738D90058F5B7 /* NewsCombineAppUITests.swift */,
				4AF294F8269738D90058F5B7 /* Info.plist */,
			);
			path = NewsCombineAppUITests;
			sourceTree = "<group>";
		};
/* End PBXGroup section */

/* Begin PBXNativeTarget section */
		4AF294D0269738D60058F5B7 /* NewsCombineApp */ = {
			isa = PBXNativeTarget;
			buildConfigurationList = 4AF294FB269738D90058F5B7 /* Build configuration list for PBXNativeTarget "NewsCombineApp" */;
			buildPhases = (
				4AF294CD269738D60058F5B7 /* Sources */,
				4AF294CE269738D60058F5B7 /* Frameworks */,
				4AF294CF269738D60058F5B7 /* Resources */,
			);
			buildRules = (
			);
			dependencies = (
			);
			name = NewsCombineApp;
			productName = NewsCombineApp;
			productReference = 4AF294D1269738D60058F5B7 /* NewsCombineApp.app */;
			productType = "com.apple.product-type.application";
		};
		4AF294E6269738D90058F5B7 /* NewsCombineAppTests */ = {
			isa = PBXNativeTarget;
			buildConfigurationList = 4AF294FE269738D90058F5B7 /* Build configuration list for PBXNativeTarget "NewsCombineAppTests" */;
			buildPhases = (
				4AF294E3269738D90058F5B7 /* Sources */,
				4AF294E4269738D90058F5B7 /* Frameworks */,
				4AF294E5269738D90058F5B7 /* Resources */,
			);
			buildRules = (
			);
			dependencies = (
				4AF294E9269738D90058F5B7 /* PBXTargetDependency */,
			);
			name = NewsCombineAppTests;
			productName = NewsCombineAppTests;
			productReference = 4AF294E7269738D90058F5B7 /* NewsCombineAppTests.xctest */;
			productType = "com.apple.product-type.bundle.unit-test";
		};
		4AF294F1269738D90058F5B7 /* NewsCombineAppUITests */ = {
			isa = PBXNativeTarget;
			buildConfigurationList = 4AF29501269738D90058F5B7 /* Build configuration list for PBXNativeTarget "NewsCombineAppUITests" */;
			buildPhases = (
				4AF294EE269738D90058F5B7 /* Sources */,
				4AF294EF269738D90058F5B7 /* Frameworks */,
				4AF294F0269738D90058F5B7 /* Resources */,
			);
			buildRules = (
			);
			dependencies = (
				4AF294F4269738D90058F5B7 /* PBXTargetDependency */,
			);
			name = NewsCombineAppUITests;
			productName = NewsCombineAppUITests;
			productReference = 4AF294F2269738D90058F5B7 /* NewsCombineAppUITests.xctest */;
			productType = "com.apple.product-type.bundle.ui-testing";
		};
/* End PBXNativeTarget section */

/* Begin PBXProject section */
		4AF294C9269738D60058F5B7 /* Project object */ = {
			isa = PBXProject;
			attributes = {
				LastSwiftUpdateCheck = 1250;
				LastUpgradeCheck = 1250;
				TargetAttributes = {
					4AF294D0269738D60058F5B7 = {
						CreatedOnToolsVersion = 12.5.1;
					};
					4AF294E6269738D90058F5B7 = {
						CreatedOnToolsVersion = 12.5.1;
						TestTargetID = 4AF294D0269738D60058F5B7;
					};
					4AF294F1269738D90058F5B7 = {
						CreatedOnToolsVersion = 12.5.1;
						TestTargetID = 4AF294D0269738D60058F5B7;
					};
				};
			};
			buildConfigurationList = 4AF294CC269738D60058F5B7 /* Build configuration list for PBXProject "NewsCombineApp" */;
			compatibilityVersion = "Xcode 9.3";
			developmentRegion = en;
			hasScannedForEncodings = 0;
			knownRegions = (
				en,
				Base,
			);
			mainGroup = 4AF294C8269738D60058F5B7;
			productRefGroup = 4AF294D2269738D60058F5B7 /* Products */;
			projectDirPath = "";
			projectRoot = "";
			targets = (
				4AF294D0269738D60058F5B7 /* NewsCombineApp */,
				4AF294E6269738D90058F5B7 /* NewsCombineAppTests */,
				4AF294F1269738D90058F5B7 /* NewsCombineAppUITests */,
			);
		};
/* End PBXProject section */

/* Begin PBXResourcesBuildPhase section */
		4AF294CF269738D60058F5B7 /* Resources */ = {
			isa = PBXResourcesBuildPhase;
			buildActionMask = 2147483647;
			files = (
				4AF294E1269738D80058F5B7 /* LaunchScreen.storyboard in Resources */,
				4AF294DE269738D80058F5B7 /* Assets.xcassets in Resources */,
				4AF294DC269738D60058F5B7 /* Main.storyboard in Resources */,
			);
			runOnlyForDeploymentPostprocessing = 0;
		};
		4AF294E5269738D90058F5B7 /* Resources */ = {
			isa = PBXResourcesBuildPhase;
			buildActionMask = 2147483647;
			files = (
			);
			runOnlyForDeploymentPostprocessing = 0;
		};
		4AF294F0269738D90058F5B7 /* Resources */ = {
			isa = PBXResourcesBuildPhase;
			buildActionMask = 2147483647;
			files = (
			);
			runOnlyForDeploymentPostprocessing = 0;
		};
/* End PBXResourcesBuildPhase section */

/* Begin PBXSourcesBuildPhase section */
		4AF294CD269738D60058F5B7 /* Sources */ = {
			isa = PBXSourcesBuildPhase;
			buildActionMask = 2147483647;
			files = (
				4AF294D9269738D60058F5B7 /* ViewController.swift in Sources */,
				4AF294D5269738D60058F5B7 /* AppDelegate.swift in Sources */,
				4AF294D7269738D60058F5B7 /* SceneDelegate.swift in Sources */,
			);
			runOnlyForDeploymentPostprocessing = 0;
		};
		4AF294E3269738D90058F5B7 /* Sources */ = {
			isa = PBXSourcesBuildPhase;
			buildActionMask = 2147483647;
			files = (
				4AF294EC269738D90058F5B7 /* NewsCombineAppTests.swift in Sources */,
			);
			runOnlyForDeploymentPostprocessing = 0;
		};
		4AF294EE269738D90058F5B7 /* Sources */ = {
			isa = PBXSourcesBuildPhase;
			buildActionMask = 2147483647;
			files = (
				4AF294F7269738D90058F5B7 /* NewsCombineAppUITests.swift in Sources */,
			);
			runOnlyForDeploymentPostprocessing = 0;
		};
/* End PBXSourcesBuildPhase section */

/* Begin PBXTargetDependency section */
		4AF294E9269738D90058F5B7 /* PBXTargetDependency */ = {
			isa = PBXTargetDependency;
			target = 4AF294D0269738D60058F5B7 /* NewsCombineApp */;
			targetProxy = 4AF294E8269738D90058F5B7 /* PBXContainerItemProxy */;
		};
		4AF294F4269738D90058F5B7 /* PBXTargetDependency */ = {
			isa = PBXTargetDependency;
			target = 4AF294D0269738D60058F5B7 /* NewsCombineApp */;
			targetProxy = 4AF294F3269738D90058F5B7 /* PBXContainerItemProxy */;
		};
/* End PBXTargetDependency section */

/* Begin PBXVariantGroup section */
		4AF294DA269738D60058F5B7 /* Main.storyboard */ = {
			isa = PBXVariantGroup;
			children = (
				4AF294DB269738D60058F5B7 /* Base */,
			);
			name = Main.storyboard;
			sourceTree = "<group>";
		};
		4AF294DF269738D80058F5B7 /* LaunchScreen.storyboard */ = {
			isa = PBXVariantGroup;
			children = (
				4AF294E0269738D80058F5B7 /* Base */,
			);
			name = LaunchScreen.storyboard;
			sourceTree = "<group>";
		};
/* End PBXVariantGroup section */

/* Begin XCBuildConfiguration section */
		4AF294F9269738D90058F5B7 /* Debug */ = {
			isa = XCBuildConfiguration;
			buildSettings = {
				ALWAYS_SEARCH_USER_PATHS = NO;
				CLANG_ANALYZER_NONNULL = YES;
				CLANG_ANALYZER_NUMBER_OBJECT_CONVERSION = YES_AGGRESSIVE;
				CLANG_CXX_LANGUAGE_STANDARD = "gnu++14";
				CLANG_CXX_LIBRARY = "libc++";
				CLANG_ENABLE_MODULES = YES;
				CLANG_ENABLE_OBJC_ARC = YES;
				CLANG_ENABLE_OBJC_WEAK = YES;
				CLANG_WARN_BLOCK_CAPTURE_AUTORELEASING = YES;
				CLANG_WARN_BOOL_CONVERSION = YES;
				CLANG_WARN_COMMA = YES;
				CLANG_WARN_CONSTANT_CONVERSION = YES;
				CLANG_WARN_DEPRECATED_OBJC_IMPLEMENTATIONS = YES;
				CLANG_WARN_DIRECT_OBJC_ISA_USAGE = YES_ERROR;
				CLANG_WARN_DOCUMENTATION_COMMENTS = YES;
				CLANG_WARN_EMPTY_BODY = YES;
				CLANG_WARN_ENUM_CONVERSION = YES;
				CLANG_WARN_INFINITE_RECURSION = YES;
				CLANG_WARN_INT_CONVERSION = YES;
				CLANG_WARN_NON_LITERAL_NULL_CONVERSION = YES;
				CLANG_WARN_OBJC_IMPLICIT_RETAIN_SELF = YES;
				CLANG_WARN_OBJC_LITERAL_CONVERSION = YES;
				CLANG_WARN_OBJC_ROOT_CLASS = YES_ERROR;
				CLANG_WARN_QUOTED_INCLUDE_IN_FRAMEWORK_HEADER = YES;
				CLANG_WARN_RANGE_LOOP_ANALYSIS = YES;
				CLANG_WARN_STRICT_PROTOTYPES = YES;
				CLANG_WARN_SUSPICIOUS_MOVE = YES;
				CLANG_WARN_UNGUARDED_AVAILABILITY = YES_AGGRESSIVE;
				CLANG_WARN_UNREACHABLE_CODE = YES;
				CLANG_WARN__DUPLICATE_METHOD_MATCH = YES;
				COPY_PHASE_STRIP = NO;
				DEBUG_INFORMATION_FORMAT = dwarf;
				ENABLE_STRICT_OBJC_MSGSEND = YES;
				ENABLE_TESTABILITY = YES;
				GCC_C_LANGUAGE_STANDARD = gnu11;
				GCC_DYNAMIC_NO_PIC = NO;
				GCC_NO_COMMON_BLOCKS = YES;
				GCC_OPTIMIZATION_LEVEL = 0;
				GCC_PREPROCESSOR_DEFINITIONS = (
					"DEBUG=1",
					"$(inherited)",
				);
				GCC_WARN_64_TO_32_BIT_CONVERSION = YES;
				GCC_WARN_ABOUT_RETURN_TYPE = YES_ERROR;
				GCC_WARN_UNDECLARED_SELECTOR = YES;
				GCC_WARN_UNINITIALIZED_AUTOS = YES_AGGRESSIVE;
				GCC_WARN_UNUSED_FUNCTION = YES;
				GCC_WARN_UNUSED_VARIABLE = YES;
				IPHONEOS_DEPLOYMENT_TARGET = 14.5;
				MTL_ENABLE_DEBUG_INFO = INCLUDE_SOURCE;
				MTL_FAST_MATH = YES;
				ONLY_ACTIVE_ARCH = YES;
				SDKROOT = iphoneos;
				SWIFT_ACTIVE_COMPILATION_CONDITIONS = DEBUG;
				SWIFT_OPTIMIZATION_LEVEL = "-Onone";
			};
			name = Debug;
		};
		4AF294FA269738D90058F5B7 /* Release */ = {
			isa = XCBuildConfiguration;
			buildSettings = {
				ALWAYS_SEARCH_USER_PATHS = NO;
				CLANG_ANALYZER_NONNULL = YES;
				CLANG_ANALYZER_NUMBER_OBJECT_CONVERSION = YES_AGGRESSIVE;
				CLANG_CXX_LANGUAGE_STANDARD = "gnu++14";
				CLANG_CXX_LIBRARY = "libc++";
				CLANG_ENABLE_MODULES = YES;
				CLANG_ENABLE_OBJC_ARC = YES;
				CLANG_ENABLE_OBJC_WEAK = YES;
				CLANG_WARN_BLOCK_CAPTURE_AUTORELEASING = YES;
				CLANG_WARN_BOOL_CONVERSION = YES;
				CLANG_WARN_COMMA = YES;
				CLANG_WARN_CONSTANT_CONVERSION = YES;
				CLANG_WARN_DEPRECATED_OBJC_IMPLEMENTATIONS = YES;
				CLANG_WARN_DIRECT_OBJC_ISA_USAGE = YES_ERROR;
				CLANG_WARN_DOCUMENTATION_COMMENTS = YES;
				CLANG_WARN_EMPTY_BODY = YES;
				CLANG_WARN_ENUM_CONVERSION = YES;
				CLANG_WARN_INFINITE_RECURSION = YES;
				CLANG_WARN_INT_CONVERSION = YES;
				CLANG_WARN_NON_LITERAL_NULL_CONVERSION = YES;
				CLANG_WARN_OBJC_IMPLICIT_RETAIN_SELF = YES;
				CLANG_WARN_OBJC_LITERAL_CONVERSION = YES;
				CLANG_WARN_OBJC_ROOT_CLASS = YES_ERROR;
				CLANG_WARN_QUOTED_INCLUDE_IN_FRAMEWORK_HEADER = YES;
				CLANG_WARN_RANGE_LOOP_ANALYSIS = YES;
				CLANG_WARN_STRICT_PROTOTYPES = YES;
				CLANG_WARN_SUSPICIOUS_MOVE = YES;
				CLANG_WARN_UNGUARDED_AVAILABILITY = YES_AGGRESSIVE;
				CLANG_WARN_UNREACHABLE_CODE = YES;
				CLANG_WARN__DUPLICATE_METHOD_MATCH = YES;
				COPY_PHASE_STRIP = NO;
				DEBUG_INFORMATION_FORMAT = "dwarf-with-dsym";
				ENABLE_NS_ASSERTIONS = NO;
				ENABLE_STRICT_OBJC_MSGSEND = YES;
				GCC_C_LANGUAGE_STANDARD = gnu11;
				GCC_NO_COMMON_BLOCKS = YES;
				GCC_WARN_64_TO_32_BIT_CONVERSION = YES;
				GCC_WARN_ABOUT_RETURN_TYPE = YES_ERROR;
				GCC_WARN_UNDECLARED_SELECTOR = YES;
				GCC_WARN_UNINITIALIZED_AUTOS = YES_AGGRESSIVE;
				GCC_WARN_UNUSED_FUNCTION = YES;
				GCC_WARN_UNUSED_VARIABLE = YES;
				IPHONEOS_DEPLOYMENT_TARGET = 14.5;
				MTL_ENABLE_DEBUG_INFO = NO;
				MTL_FAST_MATH = YES;
				SDKROOT = iphoneos;
				SWIFT_COMPILATION_MODE = wholemodule;
				SWIFT_OPTIMIZATION_LEVEL = "-O";
				VALIDATE_PRODUCT = YES;
			};
			name = Release;
		};
		4AF294FC269738D90058F5B7 /* Debug */ = {
			isa = XCBuildConfiguration;
			buildSettings = {
				ASSETCATALOG_COMPILER_APPICON_NAME = AppIcon;
				ASSETCATALOG_COMPILER_GLOBAL_ACCENT_COLOR_NAME = AccentColor;
				CODE_SIGN_STYLE = Automatic;
				DEVELOPMENT_TEAM = C23RGTGY52;
				INFOPLIST_FILE = NewsCombineApp/Info.plist;
				LD_RUNPATH_SEARCH_PATHS = (
					"$(inherited)",
					"@executable_path/Frameworks",
				);
				PRODUCT_BUNDLE_IDENTIFIER = "com.Alexander-Ipatov.NewsCombineApp";
				PRODUCT_NAME = "$(TARGET_NAME)";
				SWIFT_VERSION = 5.0;
				TARGETED_DEVICE_FAMILY = "1,2";
			};
			name = Debug;
		};
		4AF294FD269738D90058F5B7 /* Release */ = {
			isa = XCBuildConfiguration;
			buildSettings = {
				ASSETCATALOG_COMPILER_APPICON_NAME = AppIcon;
				ASSETCATALOG_COMPILER_GLOBAL_ACCENT_COLOR_NAME = AccentColor;
				CODE_SIGN_STYLE = Automatic;
				DEVELOPMENT_TEAM = C23RGTGY52;
				INFOPLIST_FILE = NewsCombineApp/Info.plist;
				LD_RUNPATH_SEARCH_PATHS = (
					"$(inherited)",
					"@executable_path/Frameworks",
				);
				PRODUCT_BUNDLE_IDENTIFIER = "com.Alexander-Ipatov.NewsCombineApp";
				PRODUCT_NAME = "$(TARGET_NAME)";
				SWIFT_VERSION = 5.0;
				TARGETED_DEVICE_FAMILY = "1,2";
			};
			name = Release;
		};
		4AF294FF269738D90058F5B7 /* Debug */ = {
			isa = XCBuildConfiguration;
			buildSettings = {
				ALWAYS_EMBED_SWIFT_STANDARD_LIBRARIES = YES;
				BUNDLE_LOADER = "$(TEST_HOST)";
				CODE_SIGN_STYLE = Automatic;
				DEVELOPMENT_TEAM = C23RGTGY52;
				INFOPLIST_FILE = NewsCombineAppTests/Info.plist;
				IPHONEOS_DEPLOYMENT_TARGET = 14.5;
				LD_RUNPATH_SEARCH_PATHS = (
					"$(inherited)",
					"@executable_path/Frameworks",
					"@loader_path/Frameworks",
				);
				PRODUCT_BUNDLE_IDENTIFIER = "com.Alexander-Ipatov.NewsCombineAppTests";
				PRODUCT_NAME = "$(TARGET_NAME)";
				SWIFT_VERSION = 5.0;
				TARGETED_DEVICE_FAMILY = "1,2";
				TEST_HOST = "$(BUILT_PRODUCTS_DIR)/NewsCombineApp.app/NewsCombineApp";
			};
			name = Debug;
		};
		4AF29500269738D90058F5B7 /* Release */ = {
			isa = XCBuildConfiguration;
			buildSettings = {
				ALWAYS_EMBED_SWIFT_STANDARD_LIBRARIES = YES;
				BUNDLE_LOADER = "$(TEST_HOST)";
				CODE_SIGN_STYLE = Automatic;
				DEVELOPMENT_TEAM = C23RGTGY52;
				INFOPLIST_FILE = NewsCombineAppTests/Info.plist;
				IPHONEOS_DEPLOYMENT_TARGET = 14.5;
				LD_RUNPATH_SEARCH_PATHS = (
					"$(inherited)",
					"@executable_path/Frameworks",
					"@loader_path/Frameworks",
				);
				PRODUCT_BUNDLE_IDENTIFIER = "com.Alexander-Ipatov.NewsCombineAppTests";
				PRODUCT_NAME = "$(TARGET_NAME)";
				SWIFT_VERSION = 5.0;
				TARGETED_DEVICE_FAMILY = "1,2";
				TEST_HOST = "$(BUILT_PRODUCTS_DIR)/NewsCombineApp.app/NewsCombineApp";
			};
			name = Release;
		};
		4AF29502269738D90058F5B7 /* Debug */ = {
			isa = XCBuildConfiguration;
			buildSettings = {
				ALWAYS_EMBED_SWIFT_STANDARD_LIBRARIES = YES;
				CODE_SIGN_STYLE = Automatic;
				DEVELOPMENT_TEAM = C23RGTGY52;
				INFOPLIST_FILE = NewsCombineAppUITests/Info.plist;
				LD_RUNPATH_SEARCH_PATHS = (
					"$(inherited)",
					"@executable_path/Frameworks",
					"@loader_path/Frameworks",
				);
				PRODUCT_BUNDLE_IDENTIFIER = "com.Alexander-Ipatov.NewsCombineAppUITests";
				PRODUCT_NAME = "$(TARGET_NAME)";
				SWIFT_VERSION = 5.0;
				TARGETED_DEVICE_FAMILY = "1,2";
				TEST_TARGET_NAME = NewsCombineApp;
			};
			name = Debug;
		};
		4AF29503269738D90058F5B7 /* Release */ = {
			isa = XCBuildConfiguration;
			buildSettings = {
				ALWAYS_EMBED_SWIFT_STANDARD_LIBRARIES = YES;
				CODE_SIGN_STYLE = Automatic;
				DEVELOPMENT_TEAM = C23RGTGY52;
				INFOPLIST_FILE = NewsCombineAppUITests/Info.plist;
				LD_RUNPATH_SEARCH_PATHS = (
					"$(inherited)",
					"@executable_path/Frameworks",
					"@loader_path/Frameworks",
				);
				PRODUCT_BUNDLE_IDENTIFIER = "com.Alexander-Ipatov.NewsCombineAppUITests";
				PRODUCT_NAME = "$(TARGET_NAME)";
				SWIFT_VERSION = 5.0;
				TARGETED_DEVICE_FAMILY = "1,2";
				TEST_TARGET_NAME = NewsCombineApp;
			};
			name = Release;
		};
/* End XCBuildConfiguration section */

/* Begin XCConfigurationList section */
		4AF294CC269738D60058F5B7 /* Build configuration list for PBXProject "NewsCombineApp" */ = {
			isa = XCConfigurationList;
			buildConfigurations = (
				4AF294F9269738D90058F5B7 /* Debug */,
				4AF294FA269738D90058F5B7 /* Release */,
			);
			defaultConfigurationIsVisible = 0;
			defaultConfigurationName = Release;
		};
		4AF294FB269738D90058F5B7 /* Build configuration list for PBXNativeTarget "NewsCombineApp" */ = {
			isa = XCConfigurationList;
			buildConfigurations = (
				4AF294FC269738D90058F5B7 /* Debug */,
				4AF294FD269738D90058F5B7 /* Release */,
			);
			defaultConfigurationIsVisible = 0;
			defaultConfigurationName = Release;
		};
		4AF294FE269738D90058F5B7 /* Build configuration list for PBXNativeTarget "NewsCombineAppTests" */ = {
			isa = XCConfigurationList;
			buildConfigurations = (
				4AF294FF269738D90058F5B7 /* Debug */,
				4AF29500269738D90058F5B7 /* Release */,
			);
			defaultConfigurationIsVisible = 0;
			defaultConfigurationName = Release;
		};
		4AF29501269738D90058F5B7 /* Build configuration list for PBXNativeTarget "NewsCombineAppUITests" */ = {
			isa = XCConfigurationList;
			buildConfigurations = (
				4AF29502269738D90058F5B7 /* Debug */,
				4AF29503269738D90058F5B7 /* Release */,
			);
			defaultConfigurationIsVisible = 0;
			defaultConfigurationName = Release;
		};
/* End XCConfigurationList section */
	};
	rootObject = 4AF294C9269738D60058F5B7 /* Project object */;
}
